{
  "nodes": {
    "grawlix": {
      "flake": false,
      "locked": {
        "lastModified": 1730307446,
        "narHash": "sha256-36wro/KHOHDAL7WANyGGMlaYy8HojyKXGigaYFNOnT4=",
        "owner": "jo1gi",
        "repo": "grawlix",
        "rev": "32daf9210655c34d1232c3818d5d0becf0edb8dc",
        "type": "github"
      },
      "original": {
        "owner": "jo1gi",
        "repo": "grawlix",
        "type": "github"
      }
    },
    "nixpkgs": {
      "locked": {
        "lastModified": 1751984180,
        "narHash": "sha256-LwWRsENAZJKUdD3SpLluwDmdXY9F45ZEgCb0X+xgOL0=",
        "owner": "nixos",
        "repo": "nixpkgs",
        "rev": "9807714d6944a957c2e036f84b0ff8caf9930bc0",
        "type": "github"
      },
      "original": {
        "owner": "nixos",
        "ref": "nixos-unstable",
        "repo": "nixpkgs",
        "type": "github"
      }
    },
    "root": {
      "inputs": {
        "grawlix": "grawlix",
        "nixpkgs": "nixpkgs"
      }
    }
  },
  "root": "root",
  "version": 7
}
